
Microsoft Visual Studio Solution File, Format Version 12.00
# Visual Studio Version 16
VisualStudioVersion = 16.0.29728.190
MinimumVisualStudioVersion = 10.0.40219.1
Project("{2150E333-8FDC-42A3-9474-1A3956D46DE8}") = "GameStore", "GameStore", "{54856BD5-204D-4007-A77B-F86D8D906712}"
EndProject
Project("{9A19103F-16F7-4668-BE54-9A1E7A4F7556}") = "Project.WebAPI.Tests", "Project.WebAPI.Tests\Project.WebAPI.Tests.csproj", "{1A1AFAE6-2BE4-406F-86A7-201111115543}"
EndProject
Project("{9A19103F-16F7-4668-BE54-9A1E7A4F7556}") = "Project.Service.Tests", "Project.Service.Tests\Project.Service.Tests.csproj", "{053450BA-CE8A-4257-80F2-BDA4778BD6F0}"
EndProject
Project("{9A19103F-16F7-4668-BE54-9A1E7A4F7556}") = "Project.Service.Common", "Project.Service.Common\Project.Service.Common.csproj", "{9CB47541-C9D8-46D2-8A39-1D79F274F6C9}"
EndProject
Project("{9A19103F-16F7-4668-BE54-9A1E7A4F7556}") = "Project.Service", "Project.Service\Project.Service.csproj", "{F98FD5EF-133C-4B9C-89AA-EF5132A9D7E1}"
EndProject
Project("{9A19103F-16F7-4668-BE54-9A1E7A4F7556}") = "Project.Repository.Tests", "Project.Repository.Tests\Project.Repository.Tests.csproj", "{F2526119-6529-4887-BA9D-18E525ED2780}"
EndProject
Project("{9A19103F-16F7-4668-BE54-9A1E7A4F7556}") = "Project.Repository.Common", "Project.Repository.Common\Project.Repository.Common.csproj", "{3928BADE-5347-47E0-818C-85CCA7688E1B}"
EndProject
Project("{9A19103F-16F7-4668-BE54-9A1E7A4F7556}") = "Project.Repository", "Project.Repository\Project.Repository.csproj", "{E3636467-71ED-4485-98AC-EC7545CF8B7A}"
EndProject
Project("{9A19103F-16F7-4668-BE54-9A1E7A4F7556}") = "Project.Model.Common", "Project.Model.Common\Project.Model.Common.csproj", "{DC369479-ECF8-48DE-9A43-7989D8F9E0D6}"
EndProject
Project("{9A19103F-16F7-4668-BE54-9A1E7A4F7556}") = "Project.Model", "Project.Model\Project.Model.csproj", "{897A682F-8B72-444C-BE85-3849BC0820B0}"
EndProject
Project("{9A19103F-16F7-4668-BE54-9A1E7A4F7556}") = "Project.DAL", "Project.DAL\Project.DAL.csproj", "{C625F027-24A5-49D2-BEE0-AC11C9BAF368}"
EndProject
Project("{9A19103F-16F7-4668-BE54-9A1E7A4F7556}") = "Project.Common", "Project.Common\Project.Common.csproj", "{E440F284-CF3C-48F3-B9A3-8EBAA4333BE3}"
EndProject
Project("{9A19103F-16F7-4668-BE54-9A1E7A4F7556}") = "Project.WebAPI", "Project.WebAPI\Project.WebAPI.csproj", "{59E84489-5413-49A7-A45F-46AC3817E717}"
EndProject
Global
	GlobalSection(SolutionConfigurationPlatforms) = preSolution
		Debug|Any CPU = Debug|Any CPU
		Release|Any CPU = Release|Any CPU
	EndGlobalSection
	GlobalSection(ProjectConfigurationPlatforms) = postSolution
		{1A1AFAE6-2BE4-406F-86A7-201111115543}.Debug|Any CPU.ActiveCfg = Debug|Any CPU
		{1A1AFAE6-2BE4-406F-86A7-201111115543}.Debug|Any CPU.Build.0 = Debug|Any CPU
		{1A1AFAE6-2BE4-406F-86A7-201111115543}.Release|Any CPU.ActiveCfg = Release|Any CPU
		{1A1AFAE6-2BE4-406F-86A7-201111115543}.Release|Any CPU.Build.0 = Release|Any CPU
		{053450BA-CE8A-4257-80F2-BDA4778BD6F0}.Debug|Any CPU.ActiveCfg = Debug|Any CPU
		{053450BA-CE8A-4257-80F2-BDA4778BD6F0}.Debug|Any CPU.Build.0 = Debug|Any CPU
		{053450BA-CE8A-4257-80F2-BDA4778BD6F0}.Release|Any CPU.ActiveCfg = Release|Any CPU
		{053450BA-CE8A-4257-80F2-BDA4778BD6F0}.Release|Any CPU.Build.0 = Release|Any CPU
		{9CB47541-C9D8-46D2-8A39-1D79F274F6C9}.Debug|Any CPU.ActiveCfg = Debug|Any CPU
		{9CB47541-C9D8-46D2-8A39-1D79F274F6C9}.Debug|Any CPU.Build.0 = Debug|Any CPU
		{9CB47541-C9D8-46D2-8A39-1D79F274F6C9}.Release|Any CPU.ActiveCfg = Release|Any CPU
		{9CB47541-C9D8-46D2-8A39-1D79F274F6C9}.Release|Any CPU.Build.0 = Release|Any CPU
		{F98FD5EF-133C-4B9C-89AA-EF5132A9D7E1}.Debug|Any CPU.ActiveCfg = Debug|Any CPU
		{F98FD5EF-133C-4B9C-89AA-EF5132A9D7E1}.Debug|Any CPU.Build.0 = Debug|Any CPU
		{F98FD5EF-133C-4B9C-89AA-EF5132A9D7E1}.Release|Any CPU.ActiveCfg = Release|Any CPU
		{F98FD5EF-133C-4B9C-89AA-EF5132A9D7E1}.Release|Any CPU.Build.0 = Release|Any CPU
		{F2526119-6529-4887-BA9D-18E525ED2780}.Debug|Any CPU.ActiveCfg = Debug|Any CPU
		{F2526119-6529-4887-BA9D-18E525ED2780}.Debug|Any CPU.Build.0 = Debug|Any CPU
		{F2526119-6529-4887-BA9D-18E525ED2780}.Release|Any CPU.ActiveCfg = Release|Any CPU
		{F2526119-6529-4887-BA9D-18E525ED2780}.Release|Any CPU.Build.0 = Release|Any CPU
		{3928BADE-5347-47E0-818C-85CCA7688E1B}.Debug|Any CPU.ActiveCfg = Debug|Any CPU
		{3928BADE-5347-47E0-818C-85CCA7688E1B}.Debug|Any CPU.Build.0 = Debug|Any CPU
		{3928BADE-5347-47E0-818C-85CCA7688E1B}.Release|Any CPU.ActiveCfg = Release|Any CPU
		{3928BADE-5347-47E0-818C-85CCA7688E1B}.Release|Any CPU.Build.0 = Release|Any CPU
		{E3636467-71ED-4485-98AC-EC7545CF8B7A}.Debug|Any CPU.ActiveCfg = Debug|Any CPU
		{E3636467-71ED-4485-98AC-EC7545CF8B7A}.Debug|Any CPU.Build.0 = Debug|Any CPU
		{E3636467-71ED-4485-98AC-EC7545CF8B7A}.Release|Any CPU.ActiveCfg = Release|Any CPU
		{E3636467-71ED-4485-98AC-EC7545CF8B7A}.Release|Any CPU.Build.0 = Release|Any CPU
		{DC369479-ECF8-48DE-9A43-7989D8F9E0D6}.Debug|Any CPU.ActiveCfg = Debug|Any CPU
		{DC369479-ECF8-48DE-9A43-7989D8F9E0D6}.Debug|Any CPU.Build.0 = Debug|Any CPU
		{DC369479-ECF8-48DE-9A43-7989D8F9E0D6}.Release|Any CPU.ActiveCfg = Release|Any CPU
		{DC369479-ECF8-48DE-9A43-7989D8F9E0D6}.Release|Any CPU.Build.0 = Release|Any CPU
		{897A682F-8B72-444C-BE85-3849BC0820B0}.Debug|Any CPU.ActiveCfg = Debug|Any CPU
		{897A682F-8B72-444C-BE85-3849BC0820B0}.Debug|Any CPU.Build.0 = Debug|Any CPU
		{897A682F-8B72-444C-BE85-3849BC0820B0}.Release|Any CPU.ActiveCfg = Release|Any CPU
		{897A682F-8B72-444C-BE85-3849BC0820B0}.Release|Any CPU.Build.0 = Release|Any CPU
		{C625F027-24A5-49D2-BEE0-AC11C9BAF368}.Debug|Any CPU.ActiveCfg = Debug|Any CPU
		{C625F027-24A5-49D2-BEE0-AC11C9BAF368}.Debug|Any CPU.Build.0 = Debug|Any CPU
		{C625F027-24A5-49D2-BEE0-AC11C9BAF368}.Release|Any CPU.ActiveCfg = Release|Any CPU
		{C625F027-24A5-49D2-BEE0-AC11C9BAF368}.Release|Any CPU.Build.0 = Release|Any CPU
		{E440F284-CF3C-48F3-B9A3-8EBAA4333BE3}.Debug|Any CPU.ActiveCfg = Debug|Any CPU
		{E440F284-CF3C-48F3-B9A3-8EBAA4333BE3}.Debug|Any CPU.Build.0 = Debug|Any CPU
		{E440F284-CF3C-48F3-B9A3-8EBAA4333BE3}.Release|Any CPU.ActiveCfg = Release|Any CPU
		{E440F284-CF3C-48F3-B9A3-8EBAA4333BE3}.Release|Any CPU.Build.0 = Release|Any CPU
		{59E84489-5413-49A7-A45F-46AC3817E717}.Debug|Any CPU.ActiveCfg = Debug|Any CPU
		{59E84489-5413-49A7-A45F-46AC3817E717}.Debug|Any CPU.Build.0 = Debug|Any CPU
		{59E84489-5413-49A7-A45F-46AC3817E717}.Release|Any CPU.ActiveCfg = Release|Any CPU
		{59E84489-5413-49A7-A45F-46AC3817E717}.Release|Any CPU.Build.0 = Release|Any CPU
	EndGlobalSection
	GlobalSection(SolutionProperties) = preSolution
		HideSolutionNode = FALSE
	EndGlobalSection
	GlobalSection(NestedProjects) = preSolution
		{1A1AFAE6-2BE4-406F-86A7-201111115543} = {54856BD5-204D-4007-A77B-F86D8D906712}
		{053450BA-CE8A-4257-80F2-BDA4778BD6F0} = {54856BD5-204D-4007-A77B-F86D8D906712}
		{9CB47541-C9D8-46D2-8A39-1D79F274F6C9} = {54856BD5-204D-4007-A77B-F86D8D906712}
		{F98FD5EF-133C-4B9C-89AA-EF5132A9D7E1} = {54856BD5-204D-4007-A77B-F86D8D906712}
		{F2526119-6529-4887-BA9D-18E525ED2780} = {54856BD5-204D-4007-A77B-F86D8D906712}
		{3928BADE-5347-47E0-818C-85CCA7688E1B} = {54856BD5-204D-4007-A77B-F86D8D906712}
		{E3636467-71ED-4485-98AC-EC7545CF8B7A} = {54856BD5-204D-4007-A77B-F86D8D906712}
		{DC369479-ECF8-48DE-9A43-7989D8F9E0D6} = {54856BD5-204D-4007-A77B-F86D8D906712}
		{897A682F-8B72-444C-BE85-3849BC0820B0} = {54856BD5-204D-4007-A77B-F86D8D906712}
		{C625F027-24A5-49D2-BEE0-AC11C9BAF368} = {54856BD5-204D-4007-A77B-F86D8D906712}
		{E440F284-CF3C-48F3-B9A3-8EBAA4333BE3} = {54856BD5-204D-4007-A77B-F86D8D906712}
		{59E84489-5413-49A7-A45F-46AC3817E717} = {54856BD5-204D-4007-A77B-F86D8D906712}
	EndGlobalSection
	GlobalSection(ExtensibilityGlobals) = postSolution
		SolutionGuid = {2E5BC183-0635-4CBF-9F66-92387146BCE4}
	EndGlobalSection
EndGlobal
